// !$*UTF8*$!
{
	archiveVersion = 1;
	classes = {
	};
	objectVersion = 46;
	objects = {

/* Begin PBXBuildFile section */
		A73C5B471D065BB300F18786 /* RequestsClass.swift in Sources */ = {isa = PBXBuildFile; fileRef = A73C5B461D065BB300F18786 /* RequestsClass.swift */; };
		A73C5B4D1D065DFD00F18786 /* Alamofire.framework in Frameworks */ = {isa = PBXBuildFile; fileRef = A73C5B341D0657E600F18786 /* Alamofire.framework */; };
		A73C5B4E1D065DFD00F18786 /* Alamofire.framework in Embed Frameworks */ = {isa = PBXBuildFile; fileRef = A73C5B341D0657E600F18786 /* Alamofire.framework */; settings = {ATTRIBUTES = (CodeSignOnCopy, RemoveHeadersOnCopy, ); }; };
		A73C5B551D06698E00F18786 /* ObjectiveBridgeHeader.m in Sources */ = {isa = PBXBuildFile; fileRef = A73C5B541D06698E00F18786 /* ObjectiveBridgeHeader.m */; };
		A73C5B571D066DF000F18786 /* Login.storyboard in Resources */ = {isa = PBXBuildFile; fileRef = A73C5B561D066DF000F18786 /* Login.storyboard */; };
		A7A966CB1D07AA0800ED55D4 /* Home.storyboard in Resources */ = {isa = PBXBuildFile; fileRef = A7A966C91D07AA0800ED55D4 /* Home.storyboard */; };
		A7A966D31D07AA1F00ED55D4 /* Search.storyboard in Resources */ = {isa = PBXBuildFile; fileRef = A7A966D21D07AA1F00ED55D4 /* Search.storyboard */; };
		A7A966D61D07ACEA00ED55D4 /* Profile.storyboard in Resources */ = {isa = PBXBuildFile; fileRef = A7A966D41D07ACEA00ED55D4 /* Profile.storyboard */; };
		A7A966DA1D07D14200ED55D4 /* HomeViewController.swift in Sources */ = {isa = PBXBuildFile; fileRef = A7A966D91D07D14200ED55D4 /* HomeViewController.swift */; };
		A7A966DC1D07D24000ED55D4 /* NavigationView.swift in Sources */ = {isa = PBXBuildFile; fileRef = A7A966DB1D07D24000ED55D4 /* NavigationView.swift */; };
		A7A966DE1D07E0C400ED55D4 /* RequestForLink.swift in Sources */ = {isa = PBXBuildFile; fileRef = A7A966DD1D07E0C400ED55D4 /* RequestForLink.swift */; };
		A7AAD8C11D08DC2B00508838 /* LinkSentViewController.swift in Sources */ = {isa = PBXBuildFile; fileRef = A7AAD8C01D08DC2B00508838 /* LinkSentViewController.swift */; };
		A7AEC1781D0A7D8D0002ED26 /* LibraryAPI.swift in Sources */ = {isa = PBXBuildFile; fileRef = A7AEC1771D0A7D8D0002ED26 /* LibraryAPI.swift */; };
		A7AEE3581D05247A000DB0EF /* AppDelegate.swift in Sources */ = {isa = PBXBuildFile; fileRef = A7AEE3571D05247A000DB0EF /* AppDelegate.swift */; };
		A7AEE35A1D05247A000DB0EF /* ViewController.swift in Sources */ = {isa = PBXBuildFile; fileRef = A7AEE3591D05247A000DB0EF /* ViewController.swift */; };
		A7AEE35D1D05247A000DB0EF /* Main.storyboard in Resources */ = {isa = PBXBuildFile; fileRef = A7AEE35B1D05247A000DB0EF /* Main.storyboard */; };
		A7AEE3601D05247A000DB0EF /* SignalVineAlpha.xcdatamodeld in Sources */ = {isa = PBXBuildFile; fileRef = A7AEE35E1D05247A000DB0EF /* SignalVineAlpha.xcdatamodeld */; };
		A7AEE3621D05247A000DB0EF /* Assets.xcassets in Resources */ = {isa = PBXBuildFile; fileRef = A7AEE3611D05247A000DB0EF /* Assets.xcassets */; };
		A7AEE3651D05247A000DB0EF /* LaunchScreen.storyboard in Resources */ = {isa = PBXBuildFile; fileRef = A7AEE3631D05247A000DB0EF /* LaunchScreen.storyboard */; };
		A7AEE3701D05247A000DB0EF /* SignalVineAlphaTests.swift in Sources */ = {isa = PBXBuildFile; fileRef = A7AEE36F1D05247A000DB0EF /* SignalVineAlphaTests.swift */; };
		A7AEE37B1D05247A000DB0EF /* SignalVineAlphaUITests.swift in Sources */ = {isa = PBXBuildFile; fileRef = A7AEE37A1D05247A000DB0EF /* SignalVineAlphaUITests.swift */; };
		A7AEE3941D0529DC000DB0EF /* LoginValidationClass.swift in Sources */ = {isa = PBXBuildFile; fileRef = A7AEE3931D0529DC000DB0EF /* LoginValidationClass.swift */; };
		A7AEE39A1D053B92000DB0EF /* LoginViewController.swift in Sources */ = {isa = PBXBuildFile; fileRef = A7AEE3961D053B92000DB0EF /* LoginViewController.swift */; };
		A7AEE39D1D053BAD000DB0EF /* SampleData.swift in Sources */ = {isa = PBXBuildFile; fileRef = A7AEE39C1D053BAD000DB0EF /* SampleData.swift */; };
		A7AEE39F1D054BF0000DB0EF /* MainViewController.swift in Sources */ = {isa = PBXBuildFile; fileRef = A7AEE39E1D054BF0000DB0EF /* MainViewController.swift */; };
		A7F4E92A1D067C3A00B57B70 /* UIClass.swift in Sources */ = {isa = PBXBuildFile; fileRef = A7F4E9291D067C3A00B57B70 /* UIClass.swift */; };
/* End PBXBuildFile section */

/* Begin PBXContainerItemProxy section */
		A73C5B331D0657E600F18786 /* PBXContainerItemProxy */ = {
			isa = PBXContainerItemProxy;
			containerPortal = A73C5B291D0657E600F18786 /* Alamofire.xcodeproj */;
			proxyType = 2;
			remoteGlobalIDString = F8111E3319A95C8B0040E7D1;
			remoteInfo = "Alamofire iOS";
		};
		A73C5B351D0657E600F18786 /* PBXContainerItemProxy */ = {
			isa = PBXContainerItemProxy;
			containerPortal = A73C5B291D0657E600F18786 /* Alamofire.xcodeproj */;
			proxyType = 2;
			remoteGlobalIDString = F8111E3E19A95C8B0040E7D1;
			remoteInfo = "Alamofire iOS Tests";
		};
		A73C5B371D0657E600F18786 /* PBXContainerItemProxy */ = {
			isa = PBXContainerItemProxy;
			containerPortal = A73C5B291D0657E600F18786 /* Alamofire.xcodeproj */;
			proxyType = 2;
			remoteGlobalIDString = 4DD67C0B1A5C55C900ED2280;
			remoteInfo = "Alamofire OSX";
		};
		A73C5B391D0657E600F18786 /* PBXContainerItemProxy */ = {
			isa = PBXContainerItemProxy;
			containerPortal = A73C5B291D0657E600F18786 /* Alamofire.xcodeproj */;
			proxyType = 2;
			remoteGlobalIDString = F829C6B21A7A94F100A2CD59;
			remoteInfo = "Alamofire OSX Tests";
		};
		A73C5B3B1D0657E600F18786 /* PBXContainerItemProxy */ = {
			isa = PBXContainerItemProxy;
			containerPortal = A73C5B291D0657E600F18786 /* Alamofire.xcodeproj */;
			proxyType = 2;
			remoteGlobalIDString = 4CF626EF1BA7CB3E0011A099;
			remoteInfo = "Alamofire tvOS";
		};
		A73C5B3D1D0657E600F18786 /* PBXContainerItemProxy */ = {
			isa = PBXContainerItemProxy;
			containerPortal = A73C5B291D0657E600F18786 /* Alamofire.xcodeproj */;
			proxyType = 2;
			remoteGlobalIDString = 4CF626F81BA7CB3E0011A099;
			remoteInfo = "Alamofire tvOS Tests";
		};
		A73C5B3F1D0657E600F18786 /* PBXContainerItemProxy */ = {
			isa = PBXContainerItemProxy;
			containerPortal = A73C5B291D0657E600F18786 /* Alamofire.xcodeproj */;
			proxyType = 2;
			remoteGlobalIDString = E4202FE01B667AA100C997FB;
			remoteInfo = "Alamofire watchOS";
		};
		A73C5B4F1D065DFD00F18786 /* PBXContainerItemProxy */ = {
			isa = PBXContainerItemProxy;
			containerPortal = A73C5B291D0657E600F18786 /* Alamofire.xcodeproj */;
			proxyType = 1;
			remoteGlobalIDString = F8111E3219A95C8B0040E7D1;
			remoteInfo = "Alamofire iOS";
		};
		A7AEE36C1D05247A000DB0EF /* PBXContainerItemProxy */ = {
			isa = PBXContainerItemProxy;
			containerPortal = A7AEE34C1D05247A000DB0EF /* Project object */;
			proxyType = 1;
			remoteGlobalIDString = A7AEE3531D05247A000DB0EF;
			remoteInfo = SignalVineAlpha;
		};
		A7AEE3771D05247A000DB0EF /* PBXContainerItemProxy */ = {
			isa = PBXContainerItemProxy;
			containerPortal = A7AEE34C1D05247A000DB0EF /* Project object */;
			proxyType = 1;
			remoteGlobalIDString = A7AEE3531D05247A000DB0EF;
			remoteInfo = SignalVineAlpha;
		};
/* End PBXContainerItemProxy section */

/* Begin PBXCopyFilesBuildPhase section */
		A73C5B511D065DFD00F18786 /* Embed Frameworks */ = {
			isa = PBXCopyFilesBuildPhase;
			buildActionMask = 2147483647;
			dstPath = "";
			dstSubfolderSpec = 10;
			files = (
				A73C5B4E1D065DFD00F18786 /* Alamofire.framework in Embed Frameworks */,
			);
			name = "Embed Frameworks";
			runOnlyForDeploymentPostprocessing = 0;
		};
/* End PBXCopyFilesBuildPhase section */

/* Begin PBXFileReference section */
		A73C5B291D0657E600F18786 /* Alamofire.xcodeproj */ = {isa = PBXFileReference; lastKnownFileType = "wrapper.pb-project"; name = Alamofire.xcodeproj; path = Alamofire/Alamofire.xcodeproj; sourceTree = SOURCE_ROOT; };
		A73C5B461D065BB300F18786 /* RequestsClass.swift */ = {isa = PBXFileReference; fileEncoding = 4; lastKnownFileType = sourcecode.swift; path = RequestsClass.swift; sourceTree = "<group>"; };
		A73C5B531D06698D00F18786 /* SignalVineAlpha-Bridging-Header.h */ = {isa = PBXFileReference; lastKnownFileType = sourcecode.c.h; path = "SignalVineAlpha-Bridging-Header.h"; sourceTree = "<group>"; };
		A73C5B541D06698E00F18786 /* ObjectiveBridgeHeader.m */ = {isa = PBXFileReference; fileEncoding = 4; lastKnownFileType = sourcecode.c.objc; path = ObjectiveBridgeHeader.m; sourceTree = "<group>"; };
		A73C5B561D066DF000F18786 /* Login.storyboard */ = {isa = PBXFileReference; fileEncoding = 4; lastKnownFileType = file.storyboard; path = Login.storyboard; sourceTree = "<group>"; };
		A7A966CA1D07AA0800ED55D4 /* Base */ = {isa = PBXFileReference; lastKnownFileType = file.storyboard; name = Base; path = Base.lproj/Home.storyboard; sourceTree = "<group>"; };
		A7A966D21D07AA1F00ED55D4 /* Search.storyboard */ = {isa = PBXFileReference; fileEncoding = 4; lastKnownFileType = file.storyboard; path = Search.storyboard; sourceTree = "<group>"; };
		A7A966D51D07ACEA00ED55D4 /* Base */ = {isa = PBXFileReference; lastKnownFileType = file.storyboard; name = Base; path = Base.lproj/Profile.storyboard; sourceTree = "<group>"; };
		A7A966D91D07D14200ED55D4 /* HomeViewController.swift */ = {isa = PBXFileReference; fileEncoding = 4; lastKnownFileType = sourcecode.swift; path = HomeViewController.swift; sourceTree = "<group>"; };
		A7A966DB1D07D24000ED55D4 /* NavigationView.swift */ = {isa = PBXFileReference; fileEncoding = 4; lastKnownFileType = sourcecode.swift; path = NavigationView.swift; sourceTree = "<group>"; };
		A7A966DD1D07E0C400ED55D4 /* RequestForLink.swift */ = {isa = PBXFileReference; fileEncoding = 4; lastKnownFileType = sourcecode.swift; path = RequestForLink.swift; sourceTree = "<group>"; };
		A7AAD8C01D08DC2B00508838 /* LinkSentViewController.swift */ = {isa = PBXFileReference; fileEncoding = 4; lastKnownFileType = sourcecode.swift; path = LinkSentViewController.swift; sourceTree = "<group>"; };
		A7AEC1771D0A7D8D0002ED26 /* LibraryAPI.swift */ = {isa = PBXFileReference; fileEncoding = 4; lastKnownFileType = sourcecode.swift; path = LibraryAPI.swift; sourceTree = "<group>"; };
		A7AEE3541D05247A000DB0EF /* SignalVineAlpha.app */ = {isa = PBXFileReference; explicitFileType = wrapper.application; includeInIndex = 0; path = SignalVineAlpha.app; sourceTree = BUILT_PRODUCTS_DIR; };
		A7AEE3571D05247A000DB0EF /* AppDelegate.swift */ = {isa = PBXFileReference; lastKnownFileType = sourcecode.swift; path = AppDelegate.swift; sourceTree = "<group>"; };
		A7AEE3591D05247A000DB0EF /* ViewController.swift */ = {isa = PBXFileReference; lastKnownFileType = sourcecode.swift; path = ViewController.swift; sourceTree = "<group>"; };
		A7AEE35C1D05247A000DB0EF /* Base */ = {isa = PBXFileReference; lastKnownFileType = file.storyboard; name = Base; path = Base.lproj/Main.storyboard; sourceTree = "<group>"; };
		A7AEE35F1D05247A000DB0EF /* SignalVineAlpha.xcdatamodel */ = {isa = PBXFileReference; lastKnownFileType = wrapper.xcdatamodel; path = SignalVineAlpha.xcdatamodel; sourceTree = "<group>"; };
		A7AEE3611D05247A000DB0EF /* Assets.xcassets */ = {isa = PBXFileReference; lastKnownFileType = folder.assetcatalog; path = Assets.xcassets; sourceTree = "<group>"; };
		A7AEE3641D05247A000DB0EF /* Base */ = {isa = PBXFileReference; lastKnownFileType = file.storyboard; name = Base; path = Base.lproj/LaunchScreen.storyboard; sourceTree = "<group>"; };
		A7AEE3661D05247A000DB0EF /* Info.plist */ = {isa = PBXFileReference; lastKnownFileType = text.plist.xml; path = Info.plist; sourceTree = "<group>"; };
		A7AEE36B1D05247A000DB0EF /* SignalVineAlphaTests.xctest */ = {isa = PBXFileReference; explicitFileType = wrapper.cfbundle; includeInIndex = 0; path = SignalVineAlphaTests.xctest; sourceTree = BUILT_PRODUCTS_DIR; };
		A7AEE36F1D05247A000DB0EF /* SignalVineAlphaTests.swift */ = {isa = PBXFileReference; lastKnownFileType = sourcecode.swift; path = SignalVineAlphaTests.swift; sourceTree = "<group>"; };
		A7AEE3711D05247A000DB0EF /* Info.plist */ = {isa = PBXFileReference; lastKnownFileType = text.plist.xml; path = Info.plist; sourceTree = "<group>"; };
		A7AEE3761D05247A000DB0EF /* SignalVineAlphaUITests.xctest */ = {isa = PBXFileReference; explicitFileType = wrapper.cfbundle; includeInIndex = 0; path = SignalVineAlphaUITests.xctest; sourceTree = BUILT_PRODUCTS_DIR; };
		A7AEE37A1D05247A000DB0EF /* SignalVineAlphaUITests.swift */ = {isa = PBXFileReference; lastKnownFileType = sourcecode.swift; path = SignalVineAlphaUITests.swift; sourceTree = "<group>"; };
		A7AEE37C1D05247A000DB0EF /* Info.plist */ = {isa = PBXFileReference; lastKnownFileType = text.plist.xml; path = Info.plist; sourceTree = "<group>"; };
		A7AEE3931D0529DC000DB0EF /* LoginValidationClass.swift */ = {isa = PBXFileReference; fileEncoding = 4; lastKnownFileType = sourcecode.swift; path = LoginValidationClass.swift; sourceTree = "<group>"; };
		A7AEE3961D053B92000DB0EF /* LoginViewController.swift */ = {isa = PBXFileReference; fileEncoding = 4; lastKnownFileType = sourcecode.swift; path = LoginViewController.swift; sourceTree = "<group>"; };
		A7AEE39C1D053BAD000DB0EF /* SampleData.swift */ = {isa = PBXFileReference; fileEncoding = 4; lastKnownFileType = sourcecode.swift; path = SampleData.swift; sourceTree = "<group>"; };
		A7AEE39E1D054BF0000DB0EF /* MainViewController.swift */ = {isa = PBXFileReference; fileEncoding = 4; lastKnownFileType = sourcecode.swift; path = MainViewController.swift; sourceTree = "<group>"; };
		A7F4E9291D067C3A00B57B70 /* UIClass.swift */ = {isa = PBXFileReference; fileEncoding = 4; lastKnownFileType = sourcecode.swift; path = UIClass.swift; sourceTree = "<group>"; };
/* End PBXFileReference section */

/* Begin PBXFrameworksBuildPhase section */
		A7AEE3511D05247A000DB0EF /* Frameworks */ = {
			isa = PBXFrameworksBuildPhase;
			buildActionMask = 2147483647;
			files = (
				A73C5B4D1D065DFD00F18786 /* Alamofire.framework in Frameworks */,
			);
			runOnlyForDeploymentPostprocessing = 0;
		};
		A7AEE3681D05247A000DB0EF /* Frameworks */ = {
			isa = PBXFrameworksBuildPhase;
			buildActionMask = 2147483647;
			files = (
			);
			runOnlyForDeploymentPostprocessing = 0;
		};
		A7AEE3731D05247A000DB0EF /* Frameworks */ = {
			isa = PBXFrameworksBuildPhase;
			buildActionMask = 2147483647;
			files = (
			);
			runOnlyForDeploymentPostprocessing = 0;
		};
/* End PBXFrameworksBuildPhase section */

/* Begin PBXGroup section */
		A73C5B2A1D0657E600F18786 /* Products */ = {
			isa = PBXGroup;
			children = (
				A73C5B341D0657E600F18786 /* Alamofire.framework */,
				A73C5B361D0657E600F18786 /* Alamofire iOS Tests.xctest */,
				A73C5B381D0657E600F18786 /* Alamofire.framework */,
				A73C5B3A1D0657E600F18786 /* Alamofire OSX Tests.xctest */,
				A73C5B3C1D0657E600F18786 /* Alamofire.framework */,
				A73C5B3E1D0657E600F18786 /* Alamofire tvOS Tests.xctest */,
				A73C5B401D0657E600F18786 /* Alamofire.framework */,
			);
			name = Products;
			sourceTree = "<group>";
		};
		A7AEE34B1D05247A000DB0EF = {
			isa = PBXGroup;
			children = (
				A7AEE3561D05247A000DB0EF /* SignalVineAlpha */,
				A7AEE36E1D05247A000DB0EF /* SignalVineAlphaTests */,
				A7AEE3791D05247A000DB0EF /* SignalVineAlphaUITests */,
				A7AEE3551D05247A000DB0EF /* Products */,
			);
			sourceTree = "<group>";
		};
		A7AEE3551D05247A000DB0EF /* Products */ = {
			isa = PBXGroup;
			children = (
				A7AEE3541D05247A000DB0EF /* SignalVineAlpha.app */,
				A7AEE36B1D05247A000DB0EF /* SignalVineAlphaTests.xctest */,
				A7AEE3761D05247A000DB0EF /* SignalVineAlphaUITests.xctest */,
			);
			name = Products;
			sourceTree = "<group>";
		};
		A7AEE3561D05247A000DB0EF /* SignalVineAlpha */ = {
			isa = PBXGroup;
			children = (
				A7AEE3571D05247A000DB0EF /* AppDelegate.swift */,
				A7AEE3591D05247A000DB0EF /* ViewController.swift */,
				A7AEE35B1D05247A000DB0EF /* Main.storyboard */,
				A7A966D41D07ACEA00ED55D4 /* Profile.storyboard */,
				A7A966D21D07AA1F00ED55D4 /* Search.storyboard */,
				A7A966C91D07AA0800ED55D4 /* Home.storyboard */,
				A73C5B561D066DF000F18786 /* Login.storyboard */,
				A7AEE3951D053B92000DB0EF /* Controllers */,
				A7AEE3971D053B92000DB0EF /* Models */,
				A7AEE3981D053B92000DB0EF /* Views */,
				A7AEE3921D052978000DB0EF /* Library */,
				A7AEE3611D05247A000DB0EF /* Assets.xcassets */,
				A7AEE3631D05247A000DB0EF /* LaunchScreen.storyboard */,
				A7AEE3661D05247A000DB0EF /* Info.plist */,
				A7AEE35E1D05247A000DB0EF /* SignalVineAlpha.xcdatamodeld */,
				A73C5B541D06698E00F18786 /* ObjectiveBridgeHeader.m */,
				A73C5B531D06698D00F18786 /* SignalVineAlpha-Bridging-Header.h */,
			);
			path = SignalVineAlpha;
			sourceTree = "<group>";
		};
		A7AEE36E1D05247A000DB0EF /* SignalVineAlphaTests */ = {
			isa = PBXGroup;
			children = (
				A7AEE36F1D05247A000DB0EF /* SignalVineAlphaTests.swift */,
				A7AEE3711D05247A000DB0EF /* Info.plist */,
			);
			path = SignalVineAlphaTests;
			sourceTree = "<group>";
		};
		A7AEE3791D05247A000DB0EF /* SignalVineAlphaUITests */ = {
			isa = PBXGroup;
			children = (
				A7AEE37A1D05247A000DB0EF /* SignalVineAlphaUITests.swift */,
				A7AEE37C1D05247A000DB0EF /* Info.plist */,
			);
			path = SignalVineAlphaUITests;
			sourceTree = "<group>";
		};
		A7AEE3921D052978000DB0EF /* Library */ = {
			isa = PBXGroup;
			children = (
				A73C5B291D0657E600F18786 /* Alamofire.xcodeproj */,
				A7AEE3931D0529DC000DB0EF /* LoginValidationClass.swift */,
				A73C5B461D065BB300F18786 /* RequestsClass.swift */,
				A7F4E9291D067C3A00B57B70 /* UIClass.swift */,
				A7AEC1771D0A7D8D0002ED26 /* LibraryAPI.swift */,
			);
			path = Library;
			sourceTree = "<group>";
		};
		A7AEE3951D053B92000DB0EF /* Controllers */ = {
			isa = PBXGroup;
			children = (
				A7AEE3961D053B92000DB0EF /* LoginViewController.swift */,
				A7AEE39E1D054BF0000DB0EF /* MainViewController.swift */,
				A7A966D91D07D14200ED55D4 /* HomeViewController.swift */,
				A7A966DD1D07E0C400ED55D4 /* RequestForLink.swift */,
				A7AAD8C01D08DC2B00508838 /* LinkSentViewController.swift */,
			);
			path = Controllers;
			sourceTree = "<group>";
		};
		A7AEE3971D053B92000DB0EF /* Models */ = {
			isa = PBXGroup;
			children = (
				A7AEE39C1D053BAD000DB0EF /* SampleData.swift */,
			);
			path = Models;
			sourceTree = "<group>";
		};
		A7AEE3981D053B92000DB0EF /* Views */ = {
			isa = PBXGroup;
			children = (
				A7A966DB1D07D24000ED55D4 /* NavigationView.swift */,
			);
			path = Views;
			sourceTree = "<group>";
		};
/* End PBXGroup section */

/* Begin PBXNativeTarget section */
		A7AEE3531D05247A000DB0EF /* SignalVineAlpha */ = {
			isa = PBXNativeTarget;
			buildConfigurationList = A7AEE37F1D05247A000DB0EF /* Build configuration list for PBXNativeTarget "SignalVineAlpha" */;
			buildPhases = (
				A7AEE3501D05247A000DB0EF /* Sources */,
				A7AEE3511D05247A000DB0EF /* Frameworks */,
				A7AEE3521D05247A000DB0EF /* Resources */,
				A73C5B511D065DFD00F18786 /* Embed Frameworks */,
			);
			buildRules = (
			);
			dependencies = (
				A73C5B501D065DFD00F18786 /* PBXTargetDependency */,
			);
			name = SignalVineAlpha;
			productName = SignalVineAlpha;
			productReference = A7AEE3541D05247A000DB0EF /* SignalVineAlpha.app */;
			productType = "com.apple.product-type.application";
		};
		A7AEE36A1D05247A000DB0EF /* SignalVineAlphaTests */ = {
			isa = PBXNativeTarget;
			buildConfigurationList = A7AEE3821D05247A000DB0EF /* Build configuration list for PBXNativeTarget "SignalVineAlphaTests" */;
			buildPhases = (
				A7AEE3671D05247A000DB0EF /* Sources */,
				A7AEE3681D05247A000DB0EF /* Frameworks */,
				A7AEE3691D05247A000DB0EF /* Resources */,
			);
			buildRules = (
			);
			dependencies = (
				A7AEE36D1D05247A000DB0EF /* PBXTargetDependency */,
			);
			name = SignalVineAlphaTests;
			productName = SignalVineAlphaTests;
			productReference = A7AEE36B1D05247A000DB0EF /* SignalVineAlphaTests.xctest */;
			productType = "com.apple.product-type.bundle.unit-test";
		};
		A7AEE3751D05247A000DB0EF /* SignalVineAlphaUITests */ = {
			isa = PBXNativeTarget;
			buildConfigurationList = A7AEE3851D05247A000DB0EF /* Build configuration list for PBXNativeTarget "SignalVineAlphaUITests" */;
			buildPhases = (
				A7AEE3721D05247A000DB0EF /* Sources */,
				A7AEE3731D05247A000DB0EF /* Frameworks */,
				A7AEE3741D05247A000DB0EF /* Resources */,
			);
			buildRules = (
			);
			dependencies = (
				A7AEE3781D05247A000DB0EF /* PBXTargetDependency */,
			);
			name = SignalVineAlphaUITests;
			productName = SignalVineAlphaUITests;
			productReference = A7AEE3761D05247A000DB0EF /* SignalVineAlphaUITests.xctest */;
			productType = "com.apple.product-type.bundle.ui-testing";
		};
/* End PBXNativeTarget section */

/* Begin PBXProject section */
		A7AEE34C1D05247A000DB0EF /* Project object */ = {
			isa = PBXProject;
			attributes = {
				LastSwiftUpdateCheck = 0730;
				LastUpgradeCheck = 0730;
				ORGANIZATIONNAME = "Habagat Reyes";
				TargetAttributes = {
					A7AEE3531D05247A000DB0EF = {
						CreatedOnToolsVersion = 7.3.1;
						DevelopmentTeam = H29N4FZTG9;
					};
					A7AEE36A1D05247A000DB0EF = {
						CreatedOnToolsVersion = 7.3.1;
						TestTargetID = A7AEE3531D05247A000DB0EF;
					};
					A7AEE3751D05247A000DB0EF = {
						CreatedOnToolsVersion = 7.3.1;
						TestTargetID = A7AEE3531D05247A000DB0EF;
					};
				};
			};
			buildConfigurationList = A7AEE34F1D05247A000DB0EF /* Build configuration list for PBXProject "SignalVineAlpha" */;
			compatibilityVersion = "Xcode 3.2";
			developmentRegion = English;
			hasScannedForEncodings = 0;
			knownRegions = (
				en,
				Base,
			);
			mainGroup = A7AEE34B1D05247A000DB0EF;
			productRefGroup = A7AEE3551D05247A000DB0EF /* Products */;
			projectDirPath = "";
			projectReferences = (
				{
					ProductGroup = A73C5B2A1D0657E600F18786 /* Products */;
					ProjectRef = A73C5B291D0657E600F18786 /* Alamofire.xcodeproj */;
				},
			);
			projectRoot = "";
			targets = (
				A7AEE3531D05247A000DB0EF /* SignalVineAlpha */,
				A7AEE36A1D05247A000DB0EF /* SignalVineAlphaTests */,
				A7AEE3751D05247A000DB0EF /* SignalVineAlphaUITests */,
			);
		};
/* End PBXProject section */

/* Begin PBXReferenceProxy section */
		A73C5B341D0657E600F18786 /* Alamofire.framework */ = {
			isa = PBXReferenceProxy;
			fileType = wrapper.framework;
			path = Alamofire.framework;
			remoteRef = A73C5B331D0657E600F18786 /* PBXContainerItemProxy */;
			sourceTree = BUILT_PRODUCTS_DIR;
		};
		A73C5B361D0657E600F18786 /* Alamofire iOS Tests.xctest */ = {
			isa = PBXReferenceProxy;
			fileType = wrapper.cfbundle;
			path = "Alamofire iOS Tests.xctest";
			remoteRef = A73C5B351D0657E600F18786 /* PBXContainerItemProxy */;
			sourceTree = BUILT_PRODUCTS_DIR;
		};
		A73C5B381D0657E600F18786 /* Alamofire.framework */ = {
			isa = PBXReferenceProxy;
			fileType = wrapper.framework;
			path = Alamofire.framework;
			remoteRef = A73C5B371D0657E600F18786 /* PBXContainerItemProxy */;
			sourceTree = BUILT_PRODUCTS_DIR;
		};
		A73C5B3A1D0657E600F18786 /* Alamofire OSX Tests.xctest */ = {
			isa = PBXReferenceProxy;
			fileType = wrapper.cfbundle;
			path = "Alamofire OSX Tests.xctest";
			remoteRef = A73C5B391D0657E600F18786 /* PBXContainerItemProxy */;
			sourceTree = BUILT_PRODUCTS_DIR;
		};
		A73C5B3C1D0657E600F18786 /* Alamofire.framework */ = {
			isa = PBXReferenceProxy;
			fileType = wrapper.framework;
			path = Alamofire.framework;
			remoteRef = A73C5B3B1D0657E600F18786 /* PBXContainerItemProxy */;
			sourceTree = BUILT_PRODUCTS_DIR;
		};
		A73C5B3E1D0657E600F18786 /* Alamofire tvOS Tests.xctest */ = {
			isa = PBXReferenceProxy;
			fileType = wrapper.cfbundle;
			path = "Alamofire tvOS Tests.xctest";
			remoteRef = A73C5B3D1D0657E600F18786 /* PBXContainerItemProxy */;
			sourceTree = BUILT_PRODUCTS_DIR;
		};
		A73C5B401D0657E600F18786 /* Alamofire.framework */ = {
			isa = PBXReferenceProxy;
			fileType = wrapper.framework;
			path = Alamofire.framework;
			remoteRef = A73C5B3F1D0657E600F18786 /* PBXContainerItemProxy */;
			sourceTree = BUILT_PRODUCTS_DIR;
		};
/* End PBXReferenceProxy section */

/* Begin PBXResourcesBuildPhase section */
		A7AEE3521D05247A000DB0EF /* Resources */ = {
			isa = PBXResourcesBuildPhase;
			buildActionMask = 2147483647;
			files = (
				A7AEE3651D05247A000DB0EF /* LaunchScreen.storyboard in Resources */,
				A7A966D61D07ACEA00ED55D4 /* Profile.storyboard in Resources */,
				A7AEE3621D05247A000DB0EF /* Assets.xcassets in Resources */,
				A7A966CB1D07AA0800ED55D4 /* Home.storyboard in Resources */,
				A7A966D31D07AA1F00ED55D4 /* Search.storyboard in Resources */,
				A73C5B571D066DF000F18786 /* Login.storyboard in Resources */,
				A7AEE35D1D05247A000DB0EF /* Main.storyboard in Resources */,
			);
			runOnlyForDeploymentPostprocessing = 0;
		};
		A7AEE3691D05247A000DB0EF /* Resources */ = {
			isa = PBXResourcesBuildPhase;
			buildActionMask = 2147483647;
			files = (
			);
			runOnlyForDeploymentPostprocessing = 0;
		};
		A7AEE3741D05247A000DB0EF /* Resources */ = {
			isa = PBXResourcesBuildPhase;
			buildActionMask = 2147483647;
			files = (
			);
			runOnlyForDeploymentPostprocessing = 0;
		};
/* End PBXResourcesBuildPhase section */

/* Begin PBXSourcesBuildPhase section */
		A7AEE3501D05247A000DB0EF /* Sources */ = {
			isa = PBXSourcesBuildPhase;
			buildActionMask = 2147483647;
			files = (
				A73C5B471D065BB300F18786 /* RequestsClass.swift in Sources */,
				A7AEE39F1D054BF0000DB0EF /* MainViewController.swift in Sources */,
				A7AEE35A1D05247A000DB0EF /* ViewController.swift in Sources */,
				A7AEE39D1D053BAD000DB0EF /* SampleData.swift in Sources */,
				A7AEE3581D05247A000DB0EF /* AppDelegate.swift in Sources */,
				A7AEE3601D05247A000DB0EF /* SignalVineAlpha.xcdatamodeld in Sources */,
				A7F4E92A1D067C3A00B57B70 /* UIClass.swift in Sources */,
				A73C5B551D06698E00F18786 /* ObjectiveBridgeHeader.m in Sources */,
				A7A966DC1D07D24000ED55D4 /* NavigationView.swift in Sources */,
				A7AEE39A1D053B92000DB0EF /* LoginViewController.swift in Sources */,
				A7AEE3941D0529DC000DB0EF /* LoginValidationClass.swift in Sources */,
				A7AEC1781D0A7D8D0002ED26 /* LibraryAPI.swift in Sources */,
				A7A966DA1D07D14200ED55D4 /* HomeViewController.swift in Sources */,
				A7A966DE1D07E0C400ED55D4 /* RequestForLink.swift in Sources */,
				A7AAD8C11D08DC2B00508838 /* LinkSentViewController.swift in Sources */,
			);
			runOnlyForDeploymentPostprocessing = 0;
		};
		A7AEE3671D05247A000DB0EF /* Sources */ = {
			isa = PBXSourcesBuildPhase;
			buildActionMask = 2147483647;
			files = (
				A7AEE3701D05247A000DB0EF /* SignalVineAlphaTests.swift in Sources */,
			);
			runOnlyForDeploymentPostprocessing = 0;
		};
		A7AEE3721D05247A000DB0EF /* Sources */ = {
			isa = PBXSourcesBuildPhase;
			buildActionMask = 2147483647;
			files = (
				A7AEE37B1D05247A000DB0EF /* SignalVineAlphaUITests.swift in Sources */,
			);
			runOnlyForDeploymentPostprocessing = 0;
		};
/* End PBXSourcesBuildPhase section */

/* Begin PBXTargetDependency section */
		A73C5B501D065DFD00F18786 /* PBXTargetDependency */ = {
			isa = PBXTargetDependency;
			name = "Alamofire iOS";
			targetProxy = A73C5B4F1D065DFD00F18786 /* PBXContainerItemProxy */;
		};
		A7AEE36D1D05247A000DB0EF /* PBXTargetDependency */ = {
			isa = PBXTargetDependency;
			target = A7AEE3531D05247A000DB0EF /* SignalVineAlpha */;
			targetProxy = A7AEE36C1D05247A000DB0EF /* PBXContainerItemProxy */;
		};
		A7AEE3781D05247A000DB0EF /* PBXTargetDependency */ = {
			isa = PBXTargetDependency;
			target = A7AEE3531D05247A000DB0EF /* SignalVineAlpha */;
			targetProxy = A7AEE3771D05247A000DB0EF /* PBXContainerItemProxy */;
		};
/* End PBXTargetDependency section */

/* Begin PBXVariantGroup section */
		A7A966C91D07AA0800ED55D4 /* Home.storyboard */ = {
			isa = PBXVariantGroup;
			children = (
				A7A966CA1D07AA0800ED55D4 /* Base */,
			);
			name = Home.storyboard;
			sourceTree = "<group>";
		};
		A7A966D41D07ACEA00ED55D4 /* Profile.storyboard */ = {
			isa = PBXVariantGroup;
			children = (
				A7A966D51D07ACEA00ED55D4 /* Base */,
			);
			name = Profile.storyboard;
			sourceTree = "<group>";
		};
		A7AEE35B1D05247A000DB0EF /* Main.storyboard */ = {
			isa = PBXVariantGroup;
			children = (
				A7AEE35C1D05247A000DB0EF /* Base */,
			);
			name = Main.storyboard;
			sourceTree = "<group>";
		};
		A7AEE3631D05247A000DB0EF /* LaunchScreen.storyboard */ = {
			isa = PBXVariantGroup;
			children = (
				A7AEE3641D05247A000DB0EF /* Base */,
			);
			name = LaunchScreen.storyboard;
			sourceTree = "<group>";
		};
/* End PBXVariantGroup section */

/* Begin XCBuildConfiguration section */
		A7AEE37D1D05247A000DB0EF /* Debug */ = {
			isa = XCBuildConfiguration;
			buildSettings = {
				ALWAYS_SEARCH_USER_PATHS = NO;
				CLANG_ANALYZER_NONNULL = YES;
				CLANG_CXX_LANGUAGE_STANDARD = "gnu++0x";
				CLANG_CXX_LIBRARY = "libc++";
				CLANG_ENABLE_MODULES = YES;
				CLANG_ENABLE_OBJC_ARC = YES;
				CLANG_WARN_BOOL_CONVERSION = YES;
				CLANG_WARN_CONSTANT_CONVERSION = YES;
				CLANG_WARN_DIRECT_OBJC_ISA_USAGE = YES_ERROR;
				CLANG_WARN_EMPTY_BODY = YES;
				CLANG_WARN_ENUM_CONVERSION = YES;
				CLANG_WARN_INT_CONVERSION = YES;
				CLANG_WARN_OBJC_ROOT_CLASS = YES_ERROR;
				CLANG_WARN_UNREACHABLE_CODE = YES;
				CLANG_WARN__DUPLICATE_METHOD_MATCH = YES;
				"CODE_SIGN_IDENTITY[sdk=iphoneos*]" = "iPhone Developer";
				COPY_PHASE_STRIP = NO;
				DEBUG_INFORMATION_FORMAT = dwarf;
				ENABLE_STRICT_OBJC_MSGSEND = YES;
				ENABLE_TESTABILITY = YES;
				GCC_C_LANGUAGE_STANDARD = gnu99;
				GCC_DYNAMIC_NO_PIC = NO;
				GCC_NO_COMMON_BLOCKS = YES;
				GCC_OPTIMIZATION_LEVEL = 0;
				GCC_PREPROCESSOR_DEFINITIONS = (
					"DEBUG=1",
					"$(inherited)",
				);
				GCC_WARN_64_TO_32_BIT_CONVERSION = YES;
				GCC_WARN_ABOUT_RETURN_TYPE = YES_ERROR;
				GCC_WARN_UNDECLARED_SELECTOR = YES;
				GCC_WARN_UNINITIALIZED_AUTOS = YES_AGGRESSIVE;
				GCC_WARN_UNUSED_FUNCTION = YES;
				GCC_WARN_UNUSED_VARIABLE = YES;
				IPHONEOS_DEPLOYMENT_TARGET = 9.3;
				MTL_ENABLE_DEBUG_INFO = YES;
				ONLY_ACTIVE_ARCH = YES;
				SDKROOT = iphoneos;
				SWIFT_OPTIMIZATION_LEVEL = "-Onone";
				TARGETED_DEVICE_FAMILY = "1,2";
			};
			name = Debug;
		};
		A7AEE37E1D05247A000DB0EF /* Release */ = {
			isa = XCBuildConfiguration;
			buildSettings = {
				ALWAYS_SEARCH_USER_PATHS = NO;
				CLANG_ANALYZER_NONNULL = YES;
				CLANG_CXX_LANGUAGE_STANDARD = "gnu++0x";
				CLANG_CXX_LIBRARY = "libc++";
				CLANG_ENABLE_MODULES = YES;
				CLANG_ENABLE_OBJC_ARC = YES;
				CLANG_WARN_BOOL_CONVERSION = YES;
				CLANG_WARN_CONSTANT_CONVERSION = YES;
				CLANG_WARN_DIRECT_OBJC_ISA_USAGE = YES_ERROR;
				CLANG_WARN_EMPTY_BODY = YES;
				CLANG_WARN_ENUM_CONVERSION = YES;
				CLANG_WARN_INT_CONVERSION = YES;
				CLANG_WARN_OBJC_ROOT_CLASS = YES_ERROR;
				CLANG_WARN_UNREACHABLE_CODE = YES;
				CLANG_WARN__DUPLICATE_METHOD_MATCH = YES;
				"CODE_SIGN_IDENTITY[sdk=iphoneos*]" = "iPhone Developer";
				COPY_PHASE_STRIP = NO;
				DEBUG_INFORMATION_FORMAT = "dwarf-with-dsym";
				ENABLE_NS_ASSERTIONS = NO;
				ENABLE_STRICT_OBJC_MSGSEND = YES;
				GCC_C_LANGUAGE_STANDARD = gnu99;
				GCC_NO_COMMON_BLOCKS = YES;
				GCC_WARN_64_TO_32_BIT_CONVERSION = YES;
				GCC_WARN_ABOUT_RETURN_TYPE = YES_ERROR;
				GCC_WARN_UNDECLARED_SELECTOR = YES;
				GCC_WARN_UNINITIALIZED_AUTOS = YES_AGGRESSIVE;
				GCC_WARN_UNUSED_FUNCTION = YES;
				GCC_WARN_UNUSED_VARIABLE = YES;
				IPHONEOS_DEPLOYMENT_TARGET = 9.3;
				MTL_ENABLE_DEBUG_INFO = NO;
				SDKROOT = iphoneos;
				TARGETED_DEVICE_FAMILY = "1,2";
				VALIDATE_PRODUCT = YES;
			};
			name = Release;
		};
		A7AEE3801D05247A000DB0EF /* Debug */ = {
			isa = XCBuildConfiguration;
			buildSettings = {
				ASSETCATALOG_COMPILER_APPICON_NAME = AppIcon;
				CLANG_ENABLE_MODULES = YES;
				CODE_SIGN_IDENTITY = "iPhone Developer";
				"CODE_SIGN_IDENTITY[sdk=iphoneos*]" = "iPhone Developer";
				EMBEDDED_CONTENT_CONTAINS_SWIFT = YES;
				INFOPLIST_FILE = SignalVineAlpha/Info.plist;
				IPHONEOS_DEPLOYMENT_TARGET = 9.0;
				LD_RUNPATH_SEARCH_PATHS = "$(inherited) @executable_path/Frameworks";
				PRODUCT_BUNDLE_IDENTIFIER = com.aelogica.DemoSignalVine;
				PRODUCT_NAME = "$(TARGET_NAME)";
				PROVISIONING_PROFILE = "";
				SWIFT_OBJC_BRIDGING_HEADER = "SignalVineAlpha/SignalVineAlpha-Bridging-Header.h";
				SWIFT_OPTIMIZATION_LEVEL = "-Onone";
			};
			name = Debug;
		};
		A7AEE3811D05247A000DB0EF /* Release */ = {
			isa = XCBuildConfiguration;
			buildSettings = {
				ASSETCATALOG_COMPILER_APPICON_NAME = AppIcon;
				CLANG_ENABLE_MODULES = YES;
				CODE_SIGN_IDENTITY = "iPhone Developer";
				"CODE_SIGN_IDENTITY[sdk=iphoneos*]" = "iPhone Developer";
				EMBEDDED_CONTENT_CONTAINS_SWIFT = YES;
				INFOPLIST_FILE = SignalVineAlpha/Info.plist;
				IPHONEOS_DEPLOYMENT_TARGET = 9.0;
				LD_RUNPATH_SEARCH_PATHS = "$(inherited) @executable_path/Frameworks";
				PRODUCT_BUNDLE_IDENTIFIER = com.aelogica.DemoSignalVine;
				PRODUCT_NAME = "$(TARGET_NAME)";
				PROVISIONING_PROFILE = "";
				SWIFT_OBJC_BRIDGING_HEADER = "SignalVineAlpha/SignalVineAlpha-Bridging-Header.h";
			};
			name = Release;
		};
		A7AEE3831D05247A000DB0EF /* Debug */ = {
			isa = XCBuildConfiguration;
			buildSettings = {
				BUNDLE_LOADER = "$(TEST_HOST)";
				INFOPLIST_FILE = SignalVineAlphaTests/Info.plist;
				LD_RUNPATH_SEARCH_PATHS = "$(inherited) @executable_path/Frameworks @loader_path/Frameworks";
				PRODUCT_BUNDLE_IDENTIFIER = com.aelogica.SignalVineAlphaTests;
				PRODUCT_NAME = "$(TARGET_NAME)";
				TEST_HOST = "$(BUILT_PRODUCTS_DIR)/SignalVineAlpha.app/SignalVineAlpha";
			};
			name = Debug;
		};
		A7AEE3841D05247A000DB0EF /* Release */ = {
			isa = XCBuildConfiguration;
			buildSettings = {
				BUNDLE_LOADER = "$(TEST_HOST)";
				INFOPLIST_FILE = SignalVineAlphaTests/Info.plist;
				LD_RUNPATH_SEARCH_PATHS = "$(inherited) @executable_path/Frameworks @loader_path/Frameworks";
				PRODUCT_BUNDLE_IDENTIFIER = com.aelogica.SignalVineAlphaTests;
				PRODUCT_NAME = "$(TARGET_NAME)";
				TEST_HOST = "$(BUILT_PRODUCTS_DIR)/SignalVineAlpha.app/SignalVineAlpha";
			};
			name = Release;
		};
		A7AEE3861D05247A000DB0EF /* Debug */ = {
			isa = XCBuildConfiguration;
			buildSettings = {
				INFOPLIST_FILE = SignalVineAlphaUITests/Info.plist;
				LD_RUNPATH_SEARCH_PATHS = "$(inherited) @executable_path/Frameworks @loader_path/Frameworks";
				PRODUCT_BUNDLE_IDENTIFIER = com.aelogica.SignalVineAlphaUITests;
				PRODUCT_NAME = "$(TARGET_NAME)";
				TEST_TARGET_NAME = SignalVineAlpha;
			};
			name = Debug;
		};
		A7AEE3871D05247A000DB0EF /* Release */ = {
			isa = XCBuildConfiguration;
			buildSettings = {
				INFOPLIST_FILE = SignalVineAlphaUITests/Info.plist;
				LD_RUNPATH_SEARCH_PATHS = "$(inherited) @executable_path/Frameworks @loader_path/Frameworks";
				PRODUCT_BUNDLE_IDENTIFIER = com.aelogica.SignalVineAlphaUITests;
				PRODUCT_NAME = "$(TARGET_NAME)";
				TEST_TARGET_NAME = SignalVineAlpha;
			};
			name = Release;
		};
/* End XCBuildConfiguration section */

/* Begin XCConfigurationList section */
		A7AEE34F1D05247A000DB0EF /* Build configuration list for PBXProject "SignalVineAlpha" */ = {
			isa = XCConfigurationList;
			buildConfigurations = (
				A7AEE37D1D05247A000DB0EF /* Debug */,
				A7AEE37E1D05247A000DB0EF /* Release */,
			);
			defaultConfigurationIsVisible = 0;
			defaultConfigurationName = Release;
		};
		A7AEE37F1D05247A000DB0EF /* Build configuration list for PBXNativeTarget "SignalVineAlpha" */ = {
			isa = XCConfigurationList;
			buildConfigurations = (
				A7AEE3801D05247A000DB0EF /* Debug */,
				A7AEE3811D05247A000DB0EF /* Release */,
			);
			defaultConfigurationIsVisible = 0;
			defaultConfigurationName = Release;
		};
		A7AEE3821D05247A000DB0EF /* Build configuration list for PBXNativeTarget "SignalVineAlphaTests" */ = {
			isa = XCConfigurationList;
			buildConfigurations = (
				A7AEE3831D05247A000DB0EF /* Debug */,
				A7AEE3841D05247A000DB0EF /* Release */,
			);
			defaultConfigurationIsVisible = 0;
			defaultConfigurationName = Release;
		};
		A7AEE3851D05247A000DB0EF /* Build configuration list for PBXNativeTarget "SignalVineAlphaUITests" */ = {
			isa = XCConfigurationList;
			buildConfigurations = (
				A7AEE3861D05247A000DB0EF /* Debug */,
				A7AEE3871D05247A000DB0EF /* Release */,
			);
			defaultConfigurationIsVisible = 0;
			defaultConfigurationName = Release;
		};
/* End XCConfigurationList section */

/* Begin XCVersionGroup section */
		A7AEE35E1D05247A000DB0EF /* SignalVineAlpha.xcdatamodeld */ = {
			isa = XCVersionGroup;
			children = (
				A7AEE35F1D05247A000DB0EF /* SignalVineAlpha.xcdatamodel */,
			);
			currentVersion = A7AEE35F1D05247A000DB0EF /* SignalVineAlpha.xcdatamodel */;
			path = SignalVineAlpha.xcdatamodeld;
			sourceTree = "<group>";
			versionGroupType = wrapper.xcdatamodel;
		};
/* End XCVersionGroup section */
	};
	rootObject = A7AEE34C1D05247A000DB0EF /* Project object */;
}
